
Microsoft Visual Studio Solution File, Format Version 12.00
# Visual Studio Version 17
VisualStudioVersion = 17.5.002.0
MinimumVisualStudioVersion = 10.0.40219.1
Project("{2150E333-8FDC-42A3-9474-1A3956D46DE8}") = "sandbox", "sandbox", "{4956E6AA-E975-44F4-990A-30C82276ED65}"
EndProject
Project("{9A19103F-16F7-4668-BE54-9A1E7A4F7556}") = "sandbox_project", "sandbox\sandbox_project\sandbox_project.csproj", "{ED5EF63C-8A4B-4710-B8F3-7119688FFEB6}"
EndProject
Project("{2150E333-8FDC-42A3-9474-1A3956D46DE8}") = "week01", "week01", "{1B2EDF67-52BA-4371-9303-CB9E497A9184}"
EndProject
Project("{9A19103F-16F7-4668-BE54-9A1E7A4F7556}") = "analyze", "week01\analyze\analyze.csproj", "{AFBBF1AB-CC49-4B22-85F8-D6865A71C62B}"
EndProject
Project("{9A19103F-16F7-4668-BE54-9A1E7A4F7556}") = "code", "week01\code\code.csproj", "{AA8CBDD7-05B5-4B0D-AD60-C2F168BF09D7}"
EndProject
Project("{9A19103F-16F7-4668-BE54-9A1E7A4F7556}") = "teach", "week01\teach\teach.csproj", "{773BC118-0116-4C76-9E35-AD558E0E5F33}"
EndProject
Project("{2150E333-8FDC-42A3-9474-1A3956D46DE8}") = "week02", "week02", "{A54E37E1-C8DE-4160-BB50-5796AA182B10}"
EndProject
Project("{9A19103F-16F7-4668-BE54-9A1E7A4F7556}") = "analyze", "week02\analyze\analyze.csproj", "{516C1751-BFCB-4AB4-A682-05742DCA9628}"
EndProject
Project("{9A19103F-16F7-4668-BE54-9A1E7A4F7556}") = "code", "week02\code\code.csproj", "{D8B9A654-9BBF-471D-86E5-AC5E4403CDA9}"
EndProject
Project("{9A19103F-16F7-4668-BE54-9A1E7A4F7556}") = "learn", "week02\learn\learn.csproj", "{BB6CE7D6-2A46-4BCD-A874-945777AFEBE7}"
EndProject
Project("{9A19103F-16F7-4668-BE54-9A1E7A4F7556}") = "teach", "week02\teach\teach.csproj", "{4E53CB37-56E4-442D-A505-FC748ED20202}"
EndProject
Project("{2150E333-8FDC-42A3-9474-1A3956D46DE8}") = "week03", "week03", "{C251DE68-9E6A-4274-84C9-826DF17D7B28}"
EndProject
Project("{9A19103F-16F7-4668-BE54-9A1E7A4F7556}") = "code", "week03\code\code.csproj", "{FAA81733-8011-41E0-B8DF-B633761EBA26}"
EndProject
Project("{9A19103F-16F7-4668-BE54-9A1E7A4F7556}") = "learn", "week03\learn\learn.csproj", "{2EA50058-1346-4763-A40F-456F457F3685}"
EndProject
Project("{9A19103F-16F7-4668-BE54-9A1E7A4F7556}") = "teach", "week03\teach\teach.csproj", "{CCE28FDA-9F73-4D58-9095-F3964354C947}"
EndProject
Project("{2150E333-8FDC-42A3-9474-1A3956D46DE8}") = "week04", "week04", "{2A1C160F-8862-4237-9CB4-A13317F3D1BB}"
EndProject
Project("{9A19103F-16F7-4668-BE54-9A1E7A4F7556}") = "code", "week04\code\code.csproj", "{357BF25D-A292-4DD1-877B-0FFAF20BBC03}"
EndProject
Project("{2150E333-8FDC-42A3-9474-1A3956D46DE8}") = "week05", "week05", "{EB14B40F-AF20-46AE-AD50-7CCC78247C3F}"
EndProject
Project("{9A19103F-16F7-4668-BE54-9A1E7A4F7556}") = "code", "week05\code\code.csproj", "{C71583E1-B009-484A-BEC3-7DA09AAB87C9}"
EndProject
Project("{2150E333-8FDC-42A3-9474-1A3956D46DE8}") = "week06", "week06", "{9FAA0A9F-5AF7-4200-9347-E6DBE84C38E5}"
EndProject
Project("{9A19103F-16F7-4668-BE54-9A1E7A4F7556}") = "code", "week06\code\code.csproj", "{E8CCE71C-F001-4E9B-987C-2063FEDCCFE4}"
EndProject
Global
	GlobalSection(SolutionConfigurationPlatforms) = preSolution
		Debug|Any CPU = Debug|Any CPU
		Release|Any CPU = Release|Any CPU
	EndGlobalSection
	GlobalSection(ProjectConfigurationPlatforms) = postSolution
		{ED5EF63C-8A4B-4710-B8F3-7119688FFEB6}.Debug|Any CPU.ActiveCfg = Debug|Any CPU
		{ED5EF63C-8A4B-4710-B8F3-7119688FFEB6}.Debug|Any CPU.Build.0 = Debug|Any CPU
		{ED5EF63C-8A4B-4710-B8F3-7119688FFEB6}.Release|Any CPU.ActiveCfg = Release|Any CPU
		{ED5EF63C-8A4B-4710-B8F3-7119688FFEB6}.Release|Any CPU.Build.0 = Release|Any CPU
		{AFBBF1AB-CC49-4B22-85F8-D6865A71C62B}.Debug|Any CPU.ActiveCfg = Debug|Any CPU
		{AFBBF1AB-CC49-4B22-85F8-D6865A71C62B}.Debug|Any CPU.Build.0 = Debug|Any CPU
		{AFBBF1AB-CC49-4B22-85F8-D6865A71C62B}.Release|Any CPU.ActiveCfg = Release|Any CPU
		{AFBBF1AB-CC49-4B22-85F8-D6865A71C62B}.Release|Any CPU.Build.0 = Release|Any CPU
		{AA8CBDD7-05B5-4B0D-AD60-C2F168BF09D7}.Debug|Any CPU.ActiveCfg = Debug|Any CPU
		{AA8CBDD7-05B5-4B0D-AD60-C2F168BF09D7}.Debug|Any CPU.Build.0 = Debug|Any CPU
		{AA8CBDD7-05B5-4B0D-AD60-C2F168BF09D7}.Release|Any CPU.ActiveCfg = Release|Any CPU
		{AA8CBDD7-05B5-4B0D-AD60-C2F168BF09D7}.Release|Any CPU.Build.0 = Release|Any CPU
		{773BC118-0116-4C76-9E35-AD558E0E5F33}.Debug|Any CPU.ActiveCfg = Debug|Any CPU
		{773BC118-0116-4C76-9E35-AD558E0E5F33}.Debug|Any CPU.Build.0 = Debug|Any CPU
		{773BC118-0116-4C76-9E35-AD558E0E5F33}.Release|Any CPU.ActiveCfg = Release|Any CPU
		{773BC118-0116-4C76-9E35-AD558E0E5F33}.Release|Any CPU.Build.0 = Release|Any CPU
		{516C1751-BFCB-4AB4-A682-05742DCA9628}.Debug|Any CPU.ActiveCfg = Debug|Any CPU
		{516C1751-BFCB-4AB4-A682-05742DCA9628}.Debug|Any CPU.Build.0 = Debug|Any CPU
		{516C1751-BFCB-4AB4-A682-05742DCA9628}.Release|Any CPU.ActiveCfg = Release|Any CPU
		{516C1751-BFCB-4AB4-A682-05742DCA9628}.Release|Any CPU.Build.0 = Release|Any CPU
		{D8B9A654-9BBF-471D-86E5-AC5E4403CDA9}.Debug|Any CPU.ActiveCfg = Debug|Any CPU
		{D8B9A654-9BBF-471D-86E5-AC5E4403CDA9}.Debug|Any CPU.Build.0 = Debug|Any CPU
		{D8B9A654-9BBF-471D-86E5-AC5E4403CDA9}.Release|Any CPU.ActiveCfg = Release|Any CPU
		{D8B9A654-9BBF-471D-86E5-AC5E4403CDA9}.Release|Any CPU.Build.0 = Release|Any CPU
		{BB6CE7D6-2A46-4BCD-A874-945777AFEBE7}.Debug|Any CPU.ActiveCfg = Debug|Any CPU
		{BB6CE7D6-2A46-4BCD-A874-945777AFEBE7}.Debug|Any CPU.Build.0 = Debug|Any CPU
		{BB6CE7D6-2A46-4BCD-A874-945777AFEBE7}.Release|Any CPU.ActiveCfg = Release|Any CPU
		{BB6CE7D6-2A46-4BCD-A874-945777AFEBE7}.Release|Any CPU.Build.0 = Release|Any CPU
		{4E53CB37-56E4-442D-A505-FC748ED20202}.Debug|Any CPU.ActiveCfg = Debug|Any CPU
		{4E53CB37-56E4-442D-A505-FC748ED20202}.Debug|Any CPU.Build.0 = Debug|Any CPU
		{4E53CB37-56E4-442D-A505-FC748ED20202}.Release|Any CPU.ActiveCfg = Release|Any CPU
		{4E53CB37-56E4-442D-A505-FC748ED20202}.Release|Any CPU.Build.0 = Release|Any CPU
		{FAA81733-8011-41E0-B8DF-B633761EBA26}.Debug|Any CPU.ActiveCfg = Debug|Any CPU
		{FAA81733-8011-41E0-B8DF-B633761EBA26}.Debug|Any CPU.Build.0 = Debug|Any CPU
		{FAA81733-8011-41E0-B8DF-B633761EBA26}.Release|Any CPU.ActiveCfg = Release|Any CPU
		{FAA81733-8011-41E0-B8DF-B633761EBA26}.Release|Any CPU.Build.0 = Release|Any CPU
		{2EA50058-1346-4763-A40F-456F457F3685}.Debug|Any CPU.ActiveCfg = Debug|Any CPU
		{2EA50058-1346-4763-A40F-456F457F3685}.Debug|Any CPU.Build.0 = Debug|Any CPU
		{2EA50058-1346-4763-A40F-456F457F3685}.Release|Any CPU.ActiveCfg = Release|Any CPU
		{2EA50058-1346-4763-A40F-456F457F3685}.Release|Any CPU.Build.0 = Release|Any CPU
		{CCE28FDA-9F73-4D58-9095-F3964354C947}.Debug|Any CPU.ActiveCfg = Debug|Any CPU
		{CCE28FDA-9F73-4D58-9095-F3964354C947}.Debug|Any CPU.Build.0 = Debug|Any CPU
		{CCE28FDA-9F73-4D58-9095-F3964354C947}.Release|Any CPU.ActiveCfg = Release|Any CPU
		{CCE28FDA-9F73-4D58-9095-F3964354C947}.Release|Any CPU.Build.0 = Release|Any CPU
		{357BF25D-A292-4DD1-877B-0FFAF20BBC03}.Debug|Any CPU.ActiveCfg = Debug|Any CPU
		{357BF25D-A292-4DD1-877B-0FFAF20BBC03}.Debug|Any CPU.Build.0 = Debug|Any CPU
		{357BF25D-A292-4DD1-877B-0FFAF20BBC03}.Release|Any CPU.ActiveCfg = Release|Any CPU
		{357BF25D-A292-4DD1-877B-0FFAF20BBC03}.Release|Any CPU.Build.0 = Release|Any CPU
		{C71583E1-B009-484A-BEC3-7DA09AAB87C9}.Debug|Any CPU.ActiveCfg = Debug|Any CPU
		{C71583E1-B009-484A-BEC3-7DA09AAB87C9}.Debug|Any CPU.Build.0 = Debug|Any CPU
		{C71583E1-B009-484A-BEC3-7DA09AAB87C9}.Release|Any CPU.ActiveCfg = Release|Any CPU
		{C71583E1-B009-484A-BEC3-7DA09AAB87C9}.Release|Any CPU.Build.0 = Release|Any CPU
		{E8CCE71C-F001-4E9B-987C-2063FEDCCFE4}.Debug|Any CPU.ActiveCfg = Debug|Any CPU
		{E8CCE71C-F001-4E9B-987C-2063FEDCCFE4}.Debug|Any CPU.Build.0 = Debug|Any CPU
		{E8CCE71C-F001-4E9B-987C-2063FEDCCFE4}.Release|Any CPU.ActiveCfg = Release|Any CPU
		{E8CCE71C-F001-4E9B-987C-2063FEDCCFE4}.Release|Any CPU.Build.0 = Release|Any CPU
	EndGlobalSection
	GlobalSection(SolutionProperties) = preSolution
		HideSolutionNode = FALSE
	EndGlobalSection
	GlobalSection(NestedProjects) = preSolution
		{ED5EF63C-8A4B-4710-B8F3-7119688FFEB6} = {4956E6AA-E975-44F4-990A-30C82276ED65}
		{AFBBF1AB-CC49-4B22-85F8-D6865A71C62B} = {1B2EDF67-52BA-4371-9303-CB9E497A9184}
		{AA8CBDD7-05B5-4B0D-AD60-C2F168BF09D7} = {1B2EDF67-52BA-4371-9303-CB9E497A9184}
		{773BC118-0116-4C76-9E35-AD558E0E5F33} = {1B2EDF67-52BA-4371-9303-CB9E497A9184}
		{516C1751-BFCB-4AB4-A682-05742DCA9628} = {A54E37E1-C8DE-4160-BB50-5796AA182B10}
		{D8B9A654-9BBF-471D-86E5-AC5E4403CDA9} = {A54E37E1-C8DE-4160-BB50-5796AA182B10}
		{BB6CE7D6-2A46-4BCD-A874-945777AFEBE7} = {A54E37E1-C8DE-4160-BB50-5796AA182B10}
		{4E53CB37-56E4-442D-A505-FC748ED20202} = {A54E37E1-C8DE-4160-BB50-5796AA182B10}
		{FAA81733-8011-41E0-B8DF-B633761EBA26} = {C251DE68-9E6A-4274-84C9-826DF17D7B28}
		{2EA50058-1346-4763-A40F-456F457F3685} = {C251DE68-9E6A-4274-84C9-826DF17D7B28}
		{CCE28FDA-9F73-4D58-9095-F3964354C947} = {C251DE68-9E6A-4274-84C9-826DF17D7B28}
		{357BF25D-A292-4DD1-877B-0FFAF20BBC03} = {2A1C160F-8862-4237-9CB4-A13317F3D1BB}
		{C71583E1-B009-484A-BEC3-7DA09AAB87C9} = {EB14B40F-AF20-46AE-AD50-7CCC78247C3F}
		{E8CCE71C-F001-4E9B-987C-2063FEDCCFE4} = {9FAA0A9F-5AF7-4200-9347-E6DBE84C38E5}
	EndGlobalSection
	GlobalSection(ExtensibilityGlobals) = postSolution
		SolutionGuid = {3E1FDC48-A4C5-4231-A44E-45BABD4FEE21}
	EndGlobalSection
EndGlobal
